// !$*UTF8*$!
{
	archiveVersion = 1;
	classes = {
	};
	objectVersion = 56;
	objects = {

/* Begin PBXBuildFile section */
		460F195C2C16F5BC0079F185 /* MainView.swift in Sources */ = {isa = PBXBuildFile; fileRef = 460F195B2C16F5BC0079F185 /* MainView.swift */; };
		460F195E2C16FAF80079F185 /* Worklog.swift in Sources */ = {isa = PBXBuildFile; fileRef = 460F195D2C16FAF80079F185 /* Worklog.swift */; };
		461FADB42C0B935700C570BF /* Time_TrackApp.swift in Sources */ = {isa = PBXBuildFile; fileRef = 461FADB32C0B935700C570BF /* Time_TrackApp.swift */; };
		461FADB62C0B935700C570BF /* ContentView.swift in Sources */ = {isa = PBXBuildFile; fileRef = 461FADB52C0B935700C570BF /* ContentView.swift */; };
		461FADB82C0B935700C570BF /* Entry.swift in Sources */ = {isa = PBXBuildFile; fileRef = 461FADB72C0B935700C570BF /* Entry.swift */; };
		461FADBA2C0B935800C570BF /* Assets.xcassets in Resources */ = {isa = PBXBuildFile; fileRef = 461FADB92C0B935800C570BF /* Assets.xcassets */; };
		461FADBD2C0B935800C570BF /* Preview Assets.xcassets in Resources */ = {isa = PBXBuildFile; fileRef = 461FADBC2C0B935800C570BF /* Preview Assets.xcassets */; };
		461FADC72C0B935800C570BF /* Time_TrackTests.swift in Sources */ = {isa = PBXBuildFile; fileRef = 461FADC62C0B935800C570BF /* Time_TrackTests.swift */; };
		461FADD12C0B935800C570BF /* Time_TrackUITests.swift in Sources */ = {isa = PBXBuildFile; fileRef = 461FADD02C0B935800C570BF /* Time_TrackUITests.swift */; };
		461FADD32C0B935800C570BF /* Time_TrackUITestsLaunchTests.swift in Sources */ = {isa = PBXBuildFile; fileRef = 461FADD22C0B935800C570BF /* Time_TrackUITestsLaunchTests.swift */; };
		461FADE22C0B961F00C570BF /* EditEntryView.swift in Sources */ = {isa = PBXBuildFile; fileRef = 461FADE12C0B961F00C570BF /* EditEntryView.swift */; };
		461FADE52C1060E400C570BF /* EntryTests.swift in Sources */ = {isa = PBXBuildFile; fileRef = 461FADE32C1060E400C570BF /* EntryTests.swift */; };
/* End PBXBuildFile section */

/* Begin PBXContainerItemProxy section */
		461FADC32C0B935800C570BF /* PBXContainerItemProxy */ = {
			isa = PBXContainerItemProxy;
			containerPortal = 461FADA82C0B935700C570BF /* Project object */;
			proxyType = 1;
			remoteGlobalIDString = 461FADAF2C0B935700C570BF;
			remoteInfo = "Time Track";
		};
		461FADCD2C0B935800C570BF /* PBXContainerItemProxy */ = {
			isa = PBXContainerItemProxy;
			containerPortal = 461FADA82C0B935700C570BF /* Project object */;
			proxyType = 1;
			remoteGlobalIDString = 461FADAF2C0B935700C570BF;
			remoteInfo = "Time Track";
		};
/* End PBXContainerItemProxy section */

/* Begin PBXFileReference section */
		460F195B2C16F5BC0079F185 /* MainView.swift */ = {isa = PBXFileReference; lastKnownFileType = sourcecode.swift; path = MainView.swift; sourceTree = "<group>"; };
		460F195D2C16FAF80079F185 /* Worklog.swift */ = {isa = PBXFileReference; lastKnownFileType = sourcecode.swift; path = Worklog.swift; sourceTree = "<group>"; };
		461FADB02C0B935700C570BF /* Time Track.app */ = {isa = PBXFileReference; explicitFileType = wrapper.application; includeInIndex = 0; path = "Time Track.app"; sourceTree = BUILT_PRODUCTS_DIR; };
		461FADB32C0B935700C570BF /* Time_TrackApp.swift */ = {isa = PBXFileReference; lastKnownFileType = sourcecode.swift; path = Time_TrackApp.swift; sourceTree = "<group>"; };
		461FADB52C0B935700C570BF /* ContentView.swift */ = {isa = PBXFileReference; lastKnownFileType = sourcecode.swift; path = ContentView.swift; sourceTree = "<group>"; };
		461FADB72C0B935700C570BF /* Entry.swift */ = {isa = PBXFileReference; lastKnownFileType = sourcecode.swift; path = Entry.swift; sourceTree = "<group>"; };
		461FADB92C0B935800C570BF /* Assets.xcassets */ = {isa = PBXFileReference; lastKnownFileType = folder.assetcatalog; path = Assets.xcassets; sourceTree = "<group>"; };
		461FADBC2C0B935800C570BF /* Preview Assets.xcassets */ = {isa = PBXFileReference; lastKnownFileType = folder.assetcatalog; path = "Preview Assets.xcassets"; sourceTree = "<group>"; };
		461FADC22C0B935800C570BF /* Time TrackTests.xctest */ = {isa = PBXFileReference; explicitFileType = wrapper.cfbundle; includeInIndex = 0; path = "Time TrackTests.xctest"; sourceTree = BUILT_PRODUCTS_DIR; };
		461FADC62C0B935800C570BF /* Time_TrackTests.swift */ = {isa = PBXFileReference; lastKnownFileType = sourcecode.swift; path = Time_TrackTests.swift; sourceTree = "<group>"; };
		461FADCC2C0B935800C570BF /* Time TrackUITests.xctest */ = {isa = PBXFileReference; explicitFileType = wrapper.cfbundle; includeInIndex = 0; path = "Time TrackUITests.xctest"; sourceTree = BUILT_PRODUCTS_DIR; };
		461FADD02C0B935800C570BF /* Time_TrackUITests.swift */ = {isa = PBXFileReference; lastKnownFileType = sourcecode.swift; path = Time_TrackUITests.swift; sourceTree = "<group>"; };
		461FADD22C0B935800C570BF /* Time_TrackUITestsLaunchTests.swift */ = {isa = PBXFileReference; lastKnownFileType = sourcecode.swift; path = Time_TrackUITestsLaunchTests.swift; sourceTree = "<group>"; };
		461FADE12C0B961F00C570BF /* EditEntryView.swift */ = {isa = PBXFileReference; lastKnownFileType = sourcecode.swift; path = EditEntryView.swift; sourceTree = "<group>"; };
		461FADE32C1060E400C570BF /* EntryTests.swift */ = {isa = PBXFileReference; lastKnownFileType = sourcecode.swift; path = EntryTests.swift; sourceTree = "<group>"; };
/* End PBXFileReference section */

/* Begin PBXFrameworksBuildPhase section */
		461FADAD2C0B935700C570BF /* Frameworks */ = {
			isa = PBXFrameworksBuildPhase;
			buildActionMask = 2147483647;
			files = (
			);
			runOnlyForDeploymentPostprocessing = 0;
		};
		461FADBF2C0B935800C570BF /* Frameworks */ = {
			isa = PBXFrameworksBuildPhase;
			buildActionMask = 2147483647;
			files = (
			);
			runOnlyForDeploymentPostprocessing = 0;
		};
		461FADC92C0B935800C570BF /* Frameworks */ = {
			isa = PBXFrameworksBuildPhase;
			buildActionMask = 2147483647;
			files = (
			);
			runOnlyForDeploymentPostprocessing = 0;
		};
/* End PBXFrameworksBuildPhase section */

/* Begin PBXGroup section */
		461FADA72C0B935700C570BF = {
			isa = PBXGroup;
			children = (
				461FADB22C0B935700C570BF /* Time Track */,
				461FADC52C0B935800C570BF /* Time TrackTests */,
				461FADCF2C0B935800C570BF /* Time TrackUITests */,
				461FADB12C0B935700C570BF /* Products */,
			);
			sourceTree = "<group>";
		};
		461FADB12C0B935700C570BF /* Products */ = {
			isa = PBXGroup;
			children = (
				461FADB02C0B935700C570BF /* Time Track.app */,
				461FADC22C0B935800C570BF /* Time TrackTests.xctest */,
				461FADCC2C0B935800C570BF /* Time TrackUITests.xctest */,
			);
			name = Products;
			sourceTree = "<group>";
		};
		461FADB22C0B935700C570BF /* Time Track */ = {
			isa = PBXGroup;
			children = (
				461FADB32C0B935700C570BF /* Time_TrackApp.swift */,
				461FADB52C0B935700C570BF /* ContentView.swift */,
				460F195B2C16F5BC0079F185 /* MainView.swift */,
				460F195D2C16FAF80079F185 /* Worklog.swift */,
				461FADB72C0B935700C570BF /* Entry.swift */,
				461FADB92C0B935800C570BF /* Assets.xcassets */,
				461FADBB2C0B935800C570BF /* Preview Content */,
				461FADE12C0B961F00C570BF /* EditEntryView.swift */,
			);
			path = "Time Track";
			sourceTree = "<group>";
		};
		461FADBB2C0B935800C570BF /* Preview Content */ = {
			isa = PBXGroup;
			children = (
				461FADBC2C0B935800C570BF /* Preview Assets.xcassets */,
			);
			path = "Preview Content";
			sourceTree = "<group>";
		};
		461FADC52C0B935800C570BF /* Time TrackTests */ = {
			isa = PBXGroup;
			children = (
				461FADC62C0B935800C570BF /* Time_TrackTests.swift */,
				461FADE32C1060E400C570BF /* EntryTests.swift */,
			);
			path = "Time TrackTests";
			sourceTree = "<group>";
		};
		461FADCF2C0B935800C570BF /* Time TrackUITests */ = {
			isa = PBXGroup;
			children = (
				461FADD02C0B935800C570BF /* Time_TrackUITests.swift */,
				461FADD22C0B935800C570BF /* Time_TrackUITestsLaunchTests.swift */,
			);
			path = "Time TrackUITests";
			sourceTree = "<group>";
		};
/* End PBXGroup section */

/* Begin PBXNativeTarget section */
		461FADAF2C0B935700C570BF /* Time Track */ = {
			isa = PBXNativeTarget;
			buildConfigurationList = 461FADD62C0B935800C570BF /* Build configuration list for PBXNativeTarget "Time Track" */;
			buildPhases = (
				461FADAC2C0B935700C570BF /* Sources */,
				461FADAD2C0B935700C570BF /* Frameworks */,
				461FADAE2C0B935700C570BF /* Resources */,
			);
			buildRules = (
			);
			dependencies = (
			);
			name = "Time Track";
			productName = "Time Track";
			productReference = 461FADB02C0B935700C570BF /* Time Track.app */;
			productType = "com.apple.product-type.application";
		};
		461FADC12C0B935800C570BF /* Time TrackTests */ = {
			isa = PBXNativeTarget;
			buildConfigurationList = 461FADD92C0B935800C570BF /* Build configuration list for PBXNativeTarget "Time TrackTests" */;
			buildPhases = (
				461FADBE2C0B935800C570BF /* Sources */,
				461FADBF2C0B935800C570BF /* Frameworks */,
				461FADC02C0B935800C570BF /* Resources */,
			);
			buildRules = (
			);
			dependencies = (
				461FADC42C0B935800C570BF /* PBXTargetDependency */,
			);
			name = "Time TrackTests";
			productName = "Time TrackTests";
			productReference = 461FADC22C0B935800C570BF /* Time TrackTests.xctest */;
			productType = "com.apple.product-type.bundle.unit-test";
		};
		461FADCB2C0B935800C570BF /* Time TrackUITests */ = {
			isa = PBXNativeTarget;
			buildConfigurationList = 461FADDC2C0B935800C570BF /* Build configuration list for PBXNativeTarget "Time TrackUITests" */;
			buildPhases = (
				461FADC82C0B935800C570BF /* Sources */,
				461FADC92C0B935800C570BF /* Frameworks */,
				461FADCA2C0B935800C570BF /* Resources */,
			);
			buildRules = (
			);
			dependencies = (
				461FADCE2C0B935800C570BF /* PBXTargetDependency */,
			);
			name = "Time TrackUITests";
			productName = "Time TrackUITests";
			productReference = 461FADCC2C0B935800C570BF /* Time TrackUITests.xctest */;
			productType = "com.apple.product-type.bundle.ui-testing";
		};
/* End PBXNativeTarget section */

/* Begin PBXProject section */
		461FADA82C0B935700C570BF /* Project object */ = {
			isa = PBXProject;
			attributes = {
				BuildIndependentTargetsInParallel = 1;
				LastSwiftUpdateCheck = 1540;
				LastUpgradeCheck = 1540;
				TargetAttributes = {
					461FADAF2C0B935700C570BF = {
						CreatedOnToolsVersion = 15.4;
					};
					461FADC12C0B935800C570BF = {
						CreatedOnToolsVersion = 15.4;
						TestTargetID = 461FADAF2C0B935700C570BF;
					};
					461FADCB2C0B935800C570BF = {
						CreatedOnToolsVersion = 15.4;
						TestTargetID = 461FADAF2C0B935700C570BF;
					};
				};
			};
			buildConfigurationList = 461FADAB2C0B935700C570BF /* Build configuration list for PBXProject "Time Track" */;
			compatibilityVersion = "Xcode 14.0";
			developmentRegion = en;
			hasScannedForEncodings = 0;
			knownRegions = (
				en,
				Base,
			);
			mainGroup = 461FADA72C0B935700C570BF;
			productRefGroup = 461FADB12C0B935700C570BF /* Products */;
			projectDirPath = "";
			projectRoot = "";
			targets = (
				461FADAF2C0B935700C570BF /* Time Track */,
				461FADC12C0B935800C570BF /* Time TrackTests */,
				461FADCB2C0B935800C570BF /* Time TrackUITests */,
			);
		};
/* End PBXProject section */

/* Begin PBXResourcesBuildPhase section */
		461FADAE2C0B935700C570BF /* Resources */ = {
			isa = PBXResourcesBuildPhase;
			buildActionMask = 2147483647;
			files = (
				461FADBD2C0B935800C570BF /* Preview Assets.xcassets in Resources */,
				461FADBA2C0B935800C570BF /* Assets.xcassets in Resources */,
			);
			runOnlyForDeploymentPostprocessing = 0;
		};
		461FADC02C0B935800C570BF /* Resources */ = {
			isa = PBXResourcesBuildPhase;
			buildActionMask = 2147483647;
			files = (
			);
			runOnlyForDeploymentPostprocessing = 0;
		};
		461FADCA2C0B935800C570BF /* Resources */ = {
			isa = PBXResourcesBuildPhase;
			buildActionMask = 2147483647;
			files = (
			);
			runOnlyForDeploymentPostprocessing = 0;
		};
/* End PBXResourcesBuildPhase section */

/* Begin PBXSourcesBuildPhase section */
		461FADAC2C0B935700C570BF /* Sources */ = {
			isa = PBXSourcesBuildPhase;
			buildActionMask = 2147483647;
			files = (
				461FADB62C0B935700C570BF /* ContentView.swift in Sources */,
				460F195E2C16FAF80079F185 /* Worklog.swift in Sources */,
				461FADB82C0B935700C570BF /* Entry.swift in Sources */,
				461FADB42C0B935700C570BF /* Time_TrackApp.swift in Sources */,
				460F195C2C16F5BC0079F185 /* MainView.swift in Sources */,
				461FADE22C0B961F00C570BF /* EditEntryView.swift in Sources */,
			);
			runOnlyForDeploymentPostprocessing = 0;
		};
		461FADBE2C0B935800C570BF /* Sources */ = {
			isa = PBXSourcesBuildPhase;
			buildActionMask = 2147483647;
			files = (
				461FADE52C1060E400C570BF /* EntryTests.swift in Sources */,
				461FADC72C0B935800C570BF /* Time_TrackTests.swift in Sources */,
			);
			runOnlyForDeploymentPostprocessing = 0;
		};
		461FADC82C0B935800C570BF /* Sources */ = {
			isa = PBXSourcesBuildPhase;
			buildActionMask = 2147483647;
			files = (
				461FADD12C0B935800C570BF /* Time_TrackUITests.swift in Sources */,
				461FADD32C0B935800C570BF /* Time_TrackUITestsLaunchTests.swift in Sources */,
			);
			runOnlyForDeploymentPostprocessing = 0;
		};
/* End PBXSourcesBuildPhase section */

/* Begin PBXTargetDependency section */
		461FADC42C0B935800C570BF /* PBXTargetDependency */ = {
			isa = PBXTargetDependency;
			target = 461FADAF2C0B935700C570BF /* Time Track */;
			targetProxy = 461FADC32C0B935800C570BF /* PBXContainerItemProxy */;
		};
		461FADCE2C0B935800C570BF /* PBXTargetDependency */ = {
			isa = PBXTargetDependency;
			target = 461FADAF2C0B935700C570BF /* Time Track */;
			targetProxy = 461FADCD2C0B935800C570BF /* PBXContainerItemProxy */;
		};
/* End PBXTargetDependency section */

/* Begin XCBuildConfiguration section */
		461FADD42C0B935800C570BF /* Debug */ = {
			isa = XCBuildConfiguration;
			buildSettings = {
				ALWAYS_SEARCH_USER_PATHS = NO;
				ASSETCATALOG_COMPILER_GENERATE_SWIFT_ASSET_SYMBOL_EXTENSIONS = YES;
				CLANG_ANALYZER_NONNULL = YES;
				CLANG_ANALYZER_NUMBER_OBJECT_CONVERSION = YES_AGGRESSIVE;
				CLANG_CXX_LANGUAGE_STANDARD = "gnu++20";
				CLANG_ENABLE_MODULES = YES;
				CLANG_ENABLE_OBJC_ARC = YES;
				CLANG_ENABLE_OBJC_WEAK = YES;
				CLANG_WARN_BLOCK_CAPTURE_AUTORELEASING = YES;
				CLANG_WARN_BOOL_CONVERSION = YES;
				CLANG_WARN_COMMA = YES;
				CLANG_WARN_CONSTANT_CONVERSION = YES;
				CLANG_WARN_DEPRECATED_OBJC_IMPLEMENTATIONS = YES;
				CLANG_WARN_DIRECT_OBJC_ISA_USAGE = YES_ERROR;
				CLANG_WARN_DOCUMENTATION_COMMENTS = YES;
				CLANG_WARN_EMPTY_BODY = YES;
				CLANG_WARN_ENUM_CONVERSION = YES;
				CLANG_WARN_INFINITE_RECURSION = YES;
				CLANG_WARN_INT_CONVERSION = YES;
				CLANG_WARN_NON_LITERAL_NULL_CONVERSION = YES;
				CLANG_WARN_OBJC_IMPLICIT_RETAIN_SELF = YES;
				CLANG_WARN_OBJC_LITERAL_CONVERSION = YES;
				CLANG_WARN_OBJC_ROOT_CLASS = YES_ERROR;
				CLANG_WARN_QUOTED_INCLUDE_IN_FRAMEWORK_HEADER = YES;
				CLANG_WARN_RANGE_LOOP_ANALYSIS = YES;
				CLANG_WARN_STRICT_PROTOTYPES = YES;
				CLANG_WARN_SUSPICIOUS_MOVE = YES;
				CLANG_WARN_UNGUARDED_AVAILABILITY = YES_AGGRESSIVE;
				CLANG_WARN_UNREACHABLE_CODE = YES;
				CLANG_WARN__DUPLICATE_METHOD_MATCH = YES;
				COPY_PHASE_STRIP = NO;
				DEBUG_INFORMATION_FORMAT = dwarf;
				ENABLE_STRICT_OBJC_MSGSEND = YES;
				ENABLE_TESTABILITY = YES;
				ENABLE_USER_SCRIPT_SANDBOXING = YES;
				GCC_C_LANGUAGE_STANDARD = gnu17;
				GCC_DYNAMIC_NO_PIC = NO;
				GCC_NO_COMMON_BLOCKS = YES;
				GCC_OPTIMIZATION_LEVEL = 0;
				GCC_PREPROCESSOR_DEFINITIONS = (
					"DEBUG=1",
					"$(inherited)",
				);
				GCC_WARN_64_TO_32_BIT_CONVERSION = YES;
				GCC_WARN_ABOUT_RETURN_TYPE = YES_ERROR;
				GCC_WARN_UNDECLARED_SELECTOR = YES;
				GCC_WARN_UNINITIALIZED_AUTOS = YES_AGGRESSIVE;
				GCC_WARN_UNUSED_FUNCTION = YES;
				GCC_WARN_UNUSED_VARIABLE = YES;
				IPHONEOS_DEPLOYMENT_TARGET = 17.5;
				LOCALIZATION_PREFERS_STRING_CATALOGS = YES;
				MTL_ENABLE_DEBUG_INFO = INCLUDE_SOURCE;
				MTL_FAST_MATH = YES;
				ONLY_ACTIVE_ARCH = YES;
				SDKROOT = iphoneos;
				SWIFT_ACTIVE_COMPILATION_CONDITIONS = "DEBUG $(inherited)";
				SWIFT_OPTIMIZATION_LEVEL = "-Onone";
			};
			name = Debug;
		};
		461FADD52C0B935800C570BF /* Release */ = {
			isa = XCBuildConfiguration;
			buildSettings = {
				ALWAYS_SEARCH_USER_PATHS = NO;
				ASSETCATALOG_COMPILER_GENERATE_SWIFT_ASSET_SYMBOL_EXTENSIONS = YES;
				CLANG_ANALYZER_NONNULL = YES;
				CLANG_ANALYZER_NUMBER_OBJECT_CONVERSION = YES_AGGRESSIVE;
				CLANG_CXX_LANGUAGE_STANDARD = "gnu++20";
				CLANG_ENABLE_MODULES = YES;
				CLANG_ENABLE_OBJC_ARC = YES;
				CLANG_ENABLE_OBJC_WEAK = YES;
				CLANG_WARN_BLOCK_CAPTURE_AUTORELEASING = YES;
				CLANG_WARN_BOOL_CONVERSION = YES;
				CLANG_WARN_COMMA = YES;
				CLANG_WARN_CONSTANT_CONVERSION = YES;
				CLANG_WARN_DEPRECATED_OBJC_IMPLEMENTATIONS = YES;
				CLANG_WARN_DIRECT_OBJC_ISA_USAGE = YES_ERROR;
				CLANG_WARN_DOCUMENTATION_COMMENTS = YES;
				CLANG_WARN_EMPTY_BODY = YES;
				CLANG_WARN_ENUM_CONVERSION = YES;
				CLANG_WARN_INFINITE_RECURSION = YES;
				CLANG_WARN_INT_CONVERSION = YES;
				CLANG_WARN_NON_LITERAL_NULL_CONVERSION = YES;
				CLANG_WARN_OBJC_IMPLICIT_RETAIN_SELF = YES;
				CLANG_WARN_OBJC_LITERAL_CONVERSION = YES;
				CLANG_WARN_OBJC_ROOT_CLASS = YES_ERROR;
				CLANG_WARN_QUOTED_INCLUDE_IN_FRAMEWORK_HEADER = YES;
				CLANG_WARN_RANGE_LOOP_ANALYSIS = YES;
				CLANG_WARN_STRICT_PROTOTYPES = YES;
				CLANG_WARN_SUSPICIOUS_MOVE = YES;
				CLANG_WARN_UNGUARDED_AVAILABILITY = YES_AGGRESSIVE;
				CLANG_WARN_UNREACHABLE_CODE = YES;
				CLANG_WARN__DUPLICATE_METHOD_MATCH = YES;
				COPY_PHASE_STRIP = NO;
				DEBUG_INFORMATION_FORMAT = "dwarf-with-dsym";
				ENABLE_NS_ASSERTIONS = NO;
				ENABLE_STRICT_OBJC_MSGSEND = YES;
				ENABLE_USER_SCRIPT_SANDBOXING = YES;
				GCC_C_LANGUAGE_STANDARD = gnu17;
				GCC_NO_COMMON_BLOCKS = YES;
				GCC_WARN_64_TO_32_BIT_CONVERSION = YES;
				GCC_WARN_ABOUT_RETURN_TYPE = YES_ERROR;
				GCC_WARN_UNDECLARED_SELECTOR = YES;
				GCC_WARN_UNINITIALIZED_AUTOS = YES_AGGRESSIVE;
				GCC_WARN_UNUSED_FUNCTION = YES;
				GCC_WARN_UNUSED_VARIABLE = YES;
				IPHONEOS_DEPLOYMENT_TARGET = 17.5;
				LOCALIZATION_PREFERS_STRING_CATALOGS = YES;
				MTL_ENABLE_DEBUG_INFO = NO;
				MTL_FAST_MATH = YES;
				SDKROOT = iphoneos;
				SWIFT_COMPILATION_MODE = wholemodule;
				VALIDATE_PRODUCT = YES;
			};
			name = Release;
		};
		461FADD72C0B935800C570BF /* Debug */ = {
			isa = XCBuildConfiguration;
			buildSettings = {
				ASSETCATALOG_COMPILER_APPICON_NAME = AppIcon;
				ASSETCATALOG_COMPILER_GLOBAL_ACCENT_COLOR_NAME = AccentColor;
				CODE_SIGN_STYLE = Automatic;
				CURRENT_PROJECT_VERSION = 1;
				DEVELOPMENT_ASSET_PATHS = "\"Time Track/Preview Content\"";
				ENABLE_PREVIEWS = YES;
				GENERATE_INFOPLIST_FILE = YES;
				INFOPLIST_KEY_UIApplicationSceneManifest_Generation = YES;
				INFOPLIST_KEY_UIApplicationSupportsIndirectInputEvents = YES;
				INFOPLIST_KEY_UILaunchScreen_Generation = YES;
				INFOPLIST_KEY_UISupportedInterfaceOrientations_iPad = "UIInterfaceOrientationPortrait UIInterfaceOrientationPortraitUpsideDown UIInterfaceOrientationLandscapeLeft UIInterfaceOrientationLandscapeRight";
				INFOPLIST_KEY_UISupportedInterfaceOrientations_iPhone = "UIInterfaceOrientationPortrait UIInterfaceOrientationLandscapeLeft UIInterfaceOrientationLandscapeRight";
				LD_RUNPATH_SEARCH_PATHS = (
					"$(inherited)",
					"@executable_path/Frameworks",
				);
				MARKETING_VERSION = 1.0;
				PRODUCT_BUNDLE_IDENTIFIER = "com.hsinclair.Time-Track";
				PRODUCT_NAME = "$(TARGET_NAME)";
				SWIFT_EMIT_LOC_STRINGS = YES;
				SWIFT_VERSION = 5.0;
				TARGETED_DEVICE_FAMILY = "1,2";
			};
			name = Debug;
		};
		461FADD82C0B935800C570BF /* Release */ = {
			isa = XCBuildConfiguration;
			buildSettings = {
				ASSETCATALOG_COMPILER_APPICON_NAME = AppIcon;
				ASSETCATALOG_COMPILER_GLOBAL_ACCENT_COLOR_NAME = AccentColor;
				CODE_SIGN_STYLE = Automatic;
				CURRENT_PROJECT_VERSION = 1;
				DEVELOPMENT_ASSET_PATHS = "\"Time Track/Preview Content\"";
				ENABLE_PREVIEWS = YES;
				GENERATE_INFOPLIST_FILE = YES;
				INFOPLIST_KEY_UIApplicationSceneManifest_Generation = YES;
				INFOPLIST_KEY_UIApplicationSupportsIndirectInputEvents = YES;
				INFOPLIST_KEY_UILaunchScreen_Generation = YES;
				INFOPLIST_KEY_UISupportedInterfaceOrientations_iPad = "UIInterfaceOrientationPortrait UIInterfaceOrientationPortraitUpsideDown UIInterfaceOrientationLandscapeLeft UIInterfaceOrientationLandscapeRight";
				INFOPLIST_KEY_UISupportedInterfaceOrientations_iPhone = "UIInterfaceOrientationPortrait UIInterfaceOrientationLandscapeLeft UIInterfaceOrientationLandscapeRight";
				LD_RUNPATH_SEARCH_PATHS = (
					"$(inherited)",
					"@executable_path/Frameworks",
				);
				MARKETING_VERSION = 1.0;
				PRODUCT_BUNDLE_IDENTIFIER = "com.hsinclair.Time-Track";
				PRODUCT_NAME = "$(TARGET_NAME)";
				SWIFT_EMIT_LOC_STRINGS = YES;
				SWIFT_VERSION = 5.0;
				TARGETED_DEVICE_FAMILY = "1,2";
			};
			name = Release;
		};
		461FADDA2C0B935800C570BF /* Debug */ = {
			isa = XCBuildConfiguration;
			buildSettings = {
				ALWAYS_EMBED_SWIFT_STANDARD_LIBRARIES = YES;
				BUNDLE_LOADER = "$(TEST_HOST)";
				CODE_SIGN_STYLE = Automatic;
				CURRENT_PROJECT_VERSION = 1;
				GENERATE_INFOPLIST_FILE = YES;
				IPHONEOS_DEPLOYMENT_TARGET = 17.5;
				MARKETING_VERSION = 1.0;
				PRODUCT_BUNDLE_IDENTIFIER = "com.hsinclair.Time-TrackTests";
				PRODUCT_NAME = "$(TARGET_NAME)";
				SWIFT_EMIT_LOC_STRINGS = NO;
				SWIFT_VERSION = 5.0;
				TARGETED_DEVICE_FAMILY = "1,2";
				TEST_HOST = "$(BUILT_PRODUCTS_DIR)/Time Track.app/$(BUNDLE_EXECUTABLE_FOLDER_PATH)/Time Track";
			};
			name = Debug;
		};
		461FADDB2C0B935800C570BF /* Release */ = {
			isa = XCBuildConfiguration;
			buildSettings = {
				ALWAYS_EMBED_SWIFT_STANDARD_LIBRARIES = YES;
				BUNDLE_LOADER = "$(TEST_HOST)";
				CODE_SIGN_STYLE = Automatic;
				CURRENT_PROJECT_VERSION = 1;
				GENERATE_INFOPLIST_FILE = YES;
				IPHONEOS_DEPLOYMENT_TARGET = 17.5;
				MARKETING_VERSION = 1.0;
				PRODUCT_BUNDLE_IDENTIFIER = "com.hsinclair.Time-TrackTests";
				PRODUCT_NAME = "$(TARGET_NAME)";
				SWIFT_EMIT_LOC_STRINGS = NO;
				SWIFT_VERSION = 5.0;
				TARGETED_DEVICE_FAMILY = "1,2";
				TEST_HOST = "$(BUILT_PRODUCTS_DIR)/Time Track.app/$(BUNDLE_EXECUTABLE_FOLDER_PATH)/Time Track";
			};
			name = Release;
		};
		461FADDD2C0B935800C570BF /* Debug */ = {
			isa = XCBuildConfiguration;
			buildSettings = {
				ALWAYS_EMBED_SWIFT_STANDARD_LIBRARIES = YES;
				CODE_SIGN_STYLE = Automatic;
				CURRENT_PROJECT_VERSION = 1;
				GENERATE_INFOPLIST_FILE = YES;
				MARKETING_VERSION = 1.0;
				PRODUCT_BUNDLE_IDENTIFIER = "com.hsinclair.Time-TrackUITests";
				PRODUCT_NAME = "$(TARGET_NAME)";
				SWIFT_EMIT_LOC_STRINGS = NO;
				SWIFT_VERSION = 5.0;
				TARGETED_DEVICE_FAMILY = "1,2";
				TEST_TARGET_NAME = "Time Track";
			};
			name = Debug;
		};
		461FADDE2C0B935800C570BF /* Release */ = {
			isa = XCBuildConfiguration;
			buildSettings = {
				ALWAYS_EMBED_SWIFT_STANDARD_LIBRARIES = YES;
				CODE_SIGN_STYLE = Automatic;
				CURRENT_PROJECT_VERSION = 1;
				GENERATE_INFOPLIST_FILE = YES;
				MARKETING_VERSION = 1.0;
				PRODUCT_BUNDLE_IDENTIFIER = "com.hsinclair.Time-TrackUITests";
				PRODUCT_NAME = "$(TARGET_NAME)";
				SWIFT_EMIT_LOC_STRINGS = NO;
				SWIFT_VERSION = 5.0;
				TARGETED_DEVICE_FAMILY = "1,2";
				TEST_TARGET_NAME = "Time Track";
			};
			name = Release;
		};
/* End XCBuildConfiguration section */

/* Begin XCConfigurationList section */
		461FADAB2C0B935700C570BF /* Build configuration list for PBXProject "Time Track" */ = {
			isa = XCConfigurationList;
			buildConfigurations = (
				461FADD42C0B935800C570BF /* Debug */,
				461FADD52C0B935800C570BF /* Release */,
			);
			defaultConfigurationIsVisible = 0;
			defaultConfigurationName = Release;
		};
		461FADD62C0B935800C570BF /* Build configuration list for PBXNativeTarget "Time Track" */ = {
			isa = XCConfigurationList;
			buildConfigurations = (
				461FADD72C0B935800C570BF /* Debug */,
				461FADD82C0B935800C570BF /* Release */,
			);
			defaultConfigurationIsVisible = 0;
			defaultConfigurationName = Release;
		};
		461FADD92C0B935800C570BF /* Build configuration list for PBXNativeTarget "Time TrackTests" */ = {
			isa = XCConfigurationList;
			buildConfigurations = (
				461FADDA2C0B935800C570BF /* Debug */,
				461FADDB2C0B935800C570BF /* Release */,
			);
			defaultConfigurationIsVisible = 0;
			defaultConfigurationName = Release;
		};
		461FADDC2C0B935800C570BF /* Build configuration list for PBXNativeTarget "Time TrackUITests" */ = {
			isa = XCConfigurationList;
			buildConfigurations = (
				461FADDD2C0B935800C570BF /* Debug */,
				461FADDE2C0B935800C570BF /* Release */,
			);
			defaultConfigurationIsVisible = 0;
			defaultConfigurationName = Release;
		};
/* End XCConfigurationList section */
	};
	rootObject = 461FADA82C0B935700C570BF /* Project object */;
}
